{
    "_meta": {
        "hash": {
            "sha256": "2e4e109b42e9bf3192f2d0ae64d468e89c69545f117f45544557a616f9ad3330"
        },
        "pipfile-spec": 6,
        "requires": {
            "python_version": "3.9"
        },
        "sources": [
            {
                "name": "pypi",
                "url": "https://pypi.org/simple",
                "verify_ssl": true
            }
        ]
    },
    "default": {
        "beautifulsoup4": {
            "hashes": [
                "sha256:58d5c3d29f5a36ffeb94f02f0d786cd53014cf9b3b3951d42e0080d8a9498d30",
                "sha256:ad9aa55b65ef2808eb405f46cf74df7fcb7044d5cbc26487f96eb2ef2e436693"
            ],
            "markers": "python_full_version >= '3.6.0'",
            "version": "==4.11.1"
        },
        "certifi": {
            "hashes": [
                "sha256:0d9c601124e5a6ba9712dbc60d9c53c21e34f5f641fe83002317394311bdce14",
                "sha256:90c1a32f1d68f940488354e36370f6cca89f0f106db09518524c88d6ed83f382"
            ],
            "markers": "python_full_version >= '3.6.0'",
            "version": "==2022.9.24"
        },
        "charset-normalizer": {
            "hashes": [
                "sha256:5a3d016c7c547f69d6f81fb0db9449ce888b418b5b9952cc5e6e66843e9dd845",
                "sha256:83e9a75d1911279afd89352c68b45348559d1fc0506b054b346651b5e7fee29f"
            ],
            "markers": "python_full_version >= '3.6.0'",
            "version": "==2.1.1"
        },
        "gevent": {
            "hashes": [
                "sha256:04a920a812b6c0c36d4613a15c254ca1ce415ee75ade0df3b8941ab61ae7ce3f",
                "sha256:0569e133bb620de1001ac807ad9a8abaadedd25349c6d695f80c9048a3f59d42",
                "sha256:06ea39c70ce166c4a1d4386c7fae96cb8d84ad799527b3378406051104d15443",
                "sha256:0cafb8f5399224990a5329bca3606bf399ee3604ae711b2d9238129b44551ad5",
                "sha256:1ac816f5e8e318c5fa27091ee43fcf4caaa6ae73a487e875a1a296a04c3da5af",
                "sha256:1e1c609f9e4171588006bea7ff41bb830ff27c27d071bbd311f91860fb5ef4cc",
                "sha256:1ec5f77f629d997668983be53bad2a90d1b858a00e43b9e75e1c9a118c3a840b",
                "sha256:21dbeb6d3b47093f40ca97aab493b2fb64b6f22112f88f56d79cf6f52a8c1c16",
                "sha256:2dcfd8ef9dcca78c51dd266d0f4b48d9b7ea2592ae881bf66d8dbe59bb16631a",
                "sha256:33c4cd095f99768ecc4b3bb75a12f52ea9df5c40a58671c667f86ea087a075e1",
                "sha256:36e47ca663081a71fca137b7c852e99e7ee3761082070c13aa2ae3b5b6234af6",
                "sha256:3c1cfd9f9fb6a2a5a9a04132d315db7fb819db019dea260695fe6e4012416f96",
                "sha256:3e73c9f71aa2a6795ecbec9b57282b002375e863e283558feb87b62840c8c1ac",
                "sha256:3f7d11136b3ae6312effbc2ac0ed902ae718d86e7acb9a51cf927262cfb2931e",
                "sha256:4b0d29fc18ee338a85396facfc508e5f26e2e0e90f4c2889f8a9e74d341ad467",
                "sha256:4be5859af086de1ed85702c0a84479387087ddf49e38332c41861b0a10e96d8f",
                "sha256:4c06c0f3f4f1b147f51a934fbf541880cee769492b98c4ebd3e930b5ff862646",
                "sha256:5bc3758f0dc95007c1780d28a9fd2150416a79c50f308f62a674d78a845ea1b9",
                "sha256:5d64b208bec99adc7e0b6e08a3e2c296065c665ca725ca8da434c4ffc5aa302e",
                "sha256:702a51b8f21bad1976b0893f90ade466e8c27039b846b611ad2beb8c6e6ac701",
                "sha256:7e8c4ccc544f6e6c26ab10d0d6a7be86bd522222ce40f00bfafa01289f04bffc",
                "sha256:a12443b7326e40d00fb445d37bae154fd1f4693055330c6b4e68670ca3b6e6bf",
                "sha256:a838437b7b629328ad457cd36df454500afe7f3df4b971a6ff85851dfcf8c844",
                "sha256:acb21bee2e66da45b8916073c8ae54c44629beb94d49120c188d27aff4ebf8dd",
                "sha256:af7baec79a5f8ad1cc132d3b14edd12661c628d8094e501b089b1fe2d3df7f6e",
                "sha256:be43278781d39b4081f7f4d3e8ebb1dac188c9fe98f25da817325cb12c01887a",
                "sha256:cf6dd33052919de8fb56e0bea0e6a7c7d6545281fe280ea78e311621c7adb50e",
                "sha256:d18fcc324f39a3b21795022eb47c7752d6e4f4ed89d8cca41f1cc604553265b3",
                "sha256:d2ea4ce36c09355379bc038be2bd50118f97d2eb6381b7096de4d05aa4c3e241",
                "sha256:d701208d4d65dbdf9feb02561a75ecc5bd28300e47b59f74033a07b593887806",
                "sha256:d8df3f628c8a9fb339b87a849dc2076e56d124e2169261fa58b4a01db3a335b6",
                "sha256:db592cfe5106730667ac36f43554e7a869d757e411f8a08116c3739cee507145",
                "sha256:df3042349c9a4460eeaec8d0e56d737cb183eed055e75a6af9dbda94aaddaf4d",
                "sha256:eb0d9d6f869ba7c49d7f9b7d244dd20daec5cc87cd3e2e90209d6ed8172e0cad",
                "sha256:eefcb21fda3055f2e7eaad2e8098885a7bbddd83b174b012e2142db6b2b4c09d",
                "sha256:f16c6937d47593f051fc3ac7996c819919082a1e7e0dec927cdae8771d26ed45",
                "sha256:fe2c0ff095171c49f78f1d4e6dc89fa58253783c7b6dccab9f1d76e2ee391f10"
            ],
            "markers": "python_version >= '2.7' and python_version not in '3.0, 3.1, 3.2, 3.3, 3.4, 3.5'",
            "version": "==22.10.1"
        },
        "greenlet": {
            "hashes": [
                "sha256:0120a879aa2b1ac5118bce959ea2492ba18783f65ea15821680a256dfad04754",
                "sha256:025b8de2273d2809f027d347aa2541651d2e15d593bbce0d5f502ca438c54136",
                "sha256:05ae7383f968bba4211b1fbfc90158f8e3da86804878442b4fb6c16ccbcaa519",
                "sha256:0914f02fcaa8f84f13b2df4a81645d9e82de21ed95633765dd5cc4d3af9d7403",
                "sha256:0971d37ae0eaf42344e8610d340aa0ad3d06cd2eee381891a10fe771879791f9",
                "sha256:0a954002064ee919b444b19c1185e8cce307a1f20600f47d6f4b6d336972c809",
                "sha256:0aa1845944e62f358d63fcc911ad3b415f585612946b8edc824825929b40e59e",
                "sha256:104f29dd822be678ef6b16bf0035dcd43206a8a48668a6cae4d2fe9c7a7abdeb",
                "sha256:11fc7692d95cc7a6a8447bb160d98671ab291e0a8ea90572d582d57361360f05",
                "sha256:17a69967561269b691747e7f436d75a4def47e5efcbc3c573180fc828e176d80",
                "sha256:2794eef1b04b5ba8948c72cc606aab62ac4b0c538b14806d9c0d88afd0576d6b",
                "sha256:2c6e942ca9835c0b97814d14f78da453241837419e0d26f7403058e8db3e38f8",
                "sha256:2ccdc818cc106cc238ff7eba0d71b9c77be868fdca31d6c3b1347a54c9b187b2",
                "sha256:325f272eb997916b4a3fc1fea7313a8adb760934c2140ce13a2117e1b0a8095d",
                "sha256:39464518a2abe9c505a727af7c0b4efff2cf242aa168be5f0daa47649f4d7ca8",
                "sha256:3a24f3213579dc8459e485e333330a921f579543a5214dbc935bc0763474ece3",
                "sha256:3aeac044c324c1a4027dca0cde550bd83a0c0fbff7ef2c98df9e718a5086c194",
                "sha256:3c22998bfef3fcc1b15694818fc9b1b87c6cc8398198b96b6d355a7bcb8c934e",
                "sha256:467b73ce5dcd89e381292fb4314aede9b12906c18fab903f995b86034d96d5c8",
                "sha256:4a8b58232f5b72973350c2b917ea3df0bebd07c3c82a0a0e34775fc2c1f857e9",
                "sha256:4f74aa0092602da2069df0bc6553919a15169d77bcdab52a21f8c5242898f519",
                "sha256:5662492df0588a51d5690f6578f3bbbd803e7f8d99a99f3bf6128a401be9c269",
                "sha256:5c2d21c2b768d8c86ad935e404cc78c30d53dea009609c3ef3a9d49970c864b5",
                "sha256:5edf75e7fcfa9725064ae0d8407c849456553a181ebefedb7606bac19aa1478b",
                "sha256:60839ab4ea7de6139a3be35b77e22e0398c270020050458b3d25db4c7c394df5",
                "sha256:62723e7eb85fa52e536e516ee2ac91433c7bb60d51099293671815ff49ed1c21",
                "sha256:64e10f303ea354500c927da5b59c3802196a07468332d292aef9ddaca08d03dd",
                "sha256:66aa4e9a726b70bcbfcc446b7ba89c8cec40f405e51422c39f42dfa206a96a05",
                "sha256:695d0d8b5ae42c800f1763c9fce9d7b94ae3b878919379150ee5ba458a460d57",
                "sha256:70048d7b2c07c5eadf8393e6398595591df5f59a2f26abc2f81abca09610492f",
                "sha256:7afa706510ab079fd6d039cc6e369d4535a48e202d042c32e2097f030a16450f",
                "sha256:7cf37343e43404699d58808e51f347f57efd3010cc7cee134cdb9141bd1ad9ea",
                "sha256:8149a6865b14c33be7ae760bcdb73548bb01e8e47ae15e013bf7ef9290ca309a",
                "sha256:814f26b864ed2230d3a7efe0336f5766ad012f94aad6ba43a7c54ca88dd77cba",
                "sha256:82a38d7d2077128a017094aff334e67e26194f46bd709f9dcdacbf3835d47ef5",
                "sha256:83a7a6560df073ec9de2b7cb685b199dfd12519bc0020c62db9d1bb522f989fa",
                "sha256:8415239c68b2ec9de10a5adf1130ee9cb0ebd3e19573c55ba160ff0ca809e012",
                "sha256:88720794390002b0c8fa29e9602b395093a9a766b229a847e8d88349e418b28a",
                "sha256:890f633dc8cb307761ec566bc0b4e350a93ddd77dc172839be122be12bae3e10",
                "sha256:8926a78192b8b73c936f3e87929931455a6a6c6c385448a07b9f7d1072c19ff3",
                "sha256:8c0581077cf2734569f3e500fab09c0ff6a2ab99b1afcacbad09b3c2843ae743",
                "sha256:8fda1139d87ce5f7bd80e80e54f9f2c6fe2f47983f1a6f128c47bf310197deb6",
                "sha256:91a84faf718e6f8b888ca63d0b2d6d185c8e2a198d2a7322d75c303e7097c8b7",
                "sha256:924df1e7e5db27d19b1359dc7d052a917529c95ba5b8b62f4af611176da7c8ad",
                "sha256:949c9061b8c6d3e6e439466a9be1e787208dec6246f4ec5fffe9677b4c19fcc3",
                "sha256:9649891ab4153f217f319914455ccf0b86986b55fc0573ce803eb998ad7d6854",
                "sha256:96656c5f7c95fc02c36d4f6ef32f4e94bb0b6b36e6a002c21c39785a4eec5f5d",
                "sha256:a812df7282a8fc717eafd487fccc5ba40ea83bb5b13eb3c90c446d88dbdfd2be",
                "sha256:a8d24eb5cb67996fb84633fdc96dbc04f2d8b12bfcb20ab3222d6be271616b67",
                "sha256:bef49c07fcb411c942da6ee7d7ea37430f830c482bf6e4b72d92fd506dd3a427",
                "sha256:bffba15cff4802ff493d6edcf20d7f94ab1c2aee7cfc1e1c7627c05f1102eee8",
                "sha256:c0643250dd0756f4960633f5359884f609a234d4066686754e834073d84e9b51",
                "sha256:c6f90234e4438062d6d09f7d667f79edcc7c5e354ba3a145ff98176f974b8132",
                "sha256:c8c9301e3274276d3d20ab6335aa7c5d9e5da2009cccb01127bddb5c951f8870",
                "sha256:c8ece5d1a99a2adcb38f69af2f07d96fb615415d32820108cd340361f590d128",
                "sha256:cb863057bed786f6622982fb8b2c122c68e6e9eddccaa9fa98fd937e45ee6c4f",
                "sha256:ccbe7129a282ec5797df0451ca1802f11578be018a32979131065565da89b392",
                "sha256:d25cdedd72aa2271b984af54294e9527306966ec18963fd032cc851a725ddc1b",
                "sha256:d75afcbb214d429dacdf75e03a1d6d6c5bd1fa9c35e360df8ea5b6270fb2211c",
                "sha256:d7815e1519a8361c5ea2a7a5864945906f8e386fa1bc26797b4d443ab11a4589",
                "sha256:eb6ac495dccb1520667cfea50d89e26f9ffb49fa28496dea2b95720d8b45eb54",
                "sha256:ec615d2912b9ad807afd3be80bf32711c0ff9c2b00aa004a45fd5d5dde7853d9",
                "sha256:f5e09dc5c6e1796969fd4b775ea1417d70e49a5df29aaa8e5d10675d9e11872c",
                "sha256:f6661b58412879a2aa099abb26d3c93e91dedaba55a6394d1fb1512a77e85de9",
                "sha256:f7d20c3267385236b4ce54575cc8e9f43e7673fc761b069c820097092e318e3b",
                "sha256:fe7c51f8a2ab616cb34bc33d810c887e89117771028e1e3d3b77ca25ddeace04"
            ],
            "markers": "platform_python_implementation == 'CPython'",
            "version": "==1.1.3.post0"
        },
        "grequests": {
            "hashes": [
                "sha256:6eff964416021bb1dee4182a56cc2b551bfa42d37820e6aee6f2efa00d43a061",
                "sha256:7dec890c6668e6755a1ea968565535867956639301268394d24df67b478df666"
            ],
            "version": "==0.6.0"
        },
        "idna": {
            "hashes": [
                "sha256:814f528e8dead7d329833b91c5faa87d60bf71824cd12a7530b5526063d02cb4",
                "sha256:90b77e79eaa3eba6de819a0c442c0b4ceefc341a7a2ab77d7562bf49f425c5c2"
            ],
            "markers": "python_version >= '3.5'",
            "version": "==3.4"
        },
        "importlib-metadata": {
            "hashes": [
                "sha256:da31db32b304314d044d3c12c79bd59e307889b287ad12ff387b3500835fc2ab",
                "sha256:ddb0e35065e8938f867ed4928d0ae5bf2a53b7773871bfe6bcc7e4fcdc7dea43"
            ],
            "markers": "python_version >= '3.7'",
            "version": "==5.0.0"
        },
        "junit-xml": {
            "hashes": [
                "sha256:ec5ca1a55aefdd76d28fcc0b135251d156c7106fa979686a4b48d62b761b4732"
            ],
            "version": "==1.9"
        },
        "link-checker": {
            "editable": true,
            "path": "."
        },
        "lxml": {
            "hashes": [
                "sha256:04da965dfebb5dac2619cb90fcf93efdb35b3c6994fea58a157a834f2f94b318",
                "sha256:0538747a9d7827ce3e16a8fdd201a99e661c7dee3c96c885d8ecba3c35d1032c",
                "sha256:0645e934e940107e2fdbe7c5b6fb8ec6232444260752598bc4d09511bd056c0b",
                "sha256:079b68f197c796e42aa80b1f739f058dcee796dc725cc9a1be0cdb08fc45b000",
                "sha256:0f3f0059891d3254c7b5fb935330d6db38d6519ecd238ca4fce93c234b4a0f73",
                "sha256:10d2017f9150248563bb579cd0d07c61c58da85c922b780060dcc9a3aa9f432d",
                "sha256:1355755b62c28950f9ce123c7a41460ed9743c699905cbe664a5bcc5c9c7c7fb",
                "sha256:13c90064b224e10c14dcdf8086688d3f0e612db53766e7478d7754703295c7c8",
                "sha256:1423631e3d51008871299525b541413c9b6c6423593e89f9c4cfbe8460afc0a2",
                "sha256:1436cf0063bba7888e43f1ba8d58824f085410ea2025befe81150aceb123e345",
                "sha256:1a7c59c6ffd6ef5db362b798f350e24ab2cfa5700d53ac6681918f314a4d3b94",
                "sha256:1e1cf47774373777936c5aabad489fef7b1c087dcd1f426b621fda9dcc12994e",
                "sha256:206a51077773c6c5d2ce1991327cda719063a47adc02bd703c56a662cdb6c58b",
                "sha256:21fb3d24ab430fc538a96e9fbb9b150029914805d551deeac7d7822f64631dfc",
                "sha256:27e590352c76156f50f538dbcebd1925317a0f70540f7dc8c97d2931c595783a",
                "sha256:287605bede6bd36e930577c5925fcea17cb30453d96a7b4c63c14a257118dbb9",
                "sha256:2aaf6a0a6465d39b5ca69688fce82d20088c1838534982996ec46633dc7ad6cc",
                "sha256:32a73c53783becdb7eaf75a2a1525ea8e49379fb7248c3eeefb9412123536387",
                "sha256:41fb58868b816c202e8881fd0f179a4644ce6e7cbbb248ef0283a34b73ec73bb",
                "sha256:4780677767dd52b99f0af1f123bc2c22873d30b474aa0e2fc3fe5e02217687c7",
                "sha256:4878e667ebabe9b65e785ac8da4d48886fe81193a84bbe49f12acff8f7a383a4",
                "sha256:487c8e61d7acc50b8be82bda8c8d21d20e133c3cbf41bd8ad7eb1aaeb3f07c97",
                "sha256:4beea0f31491bc086991b97517b9683e5cfb369205dac0148ef685ac12a20a67",
                "sha256:4cfbe42c686f33944e12f45a27d25a492cc0e43e1dc1da5d6a87cbcaf2e95627",
                "sha256:4d5bae0a37af799207140652a700f21a85946f107a199bcb06720b13a4f1f0b7",
                "sha256:4e285b5f2bf321fc0857b491b5028c5f276ec0c873b985d58d7748ece1d770dd",
                "sha256:57e4d637258703d14171b54203fd6822fda218c6c2658a7d30816b10995f29f3",
                "sha256:5974895115737a74a00b321e339b9c3f45c20275d226398ae79ac008d908bff7",
                "sha256:5ef87fca280fb15342726bd5f980f6faf8b84a5287fcc2d4962ea8af88b35130",
                "sha256:603a464c2e67d8a546ddaa206d98e3246e5db05594b97db844c2f0a1af37cf5b",
                "sha256:6653071f4f9bac46fbc30f3c7838b0e9063ee335908c5d61fb7a4a86c8fd2036",
                "sha256:6ca2264f341dd81e41f3fffecec6e446aa2121e0b8d026fb5130e02de1402785",
                "sha256:6d279033bf614953c3fc4a0aa9ac33a21e8044ca72d4fa8b9273fe75359d5cca",
                "sha256:6d949f53ad4fc7cf02c44d6678e7ff05ec5f5552b235b9e136bd52e9bf730b91",
                "sha256:6daa662aba22ef3258934105be2dd9afa5bb45748f4f702a3b39a5bf53a1f4dc",
                "sha256:6eafc048ea3f1b3c136c71a86db393be36b5b3d9c87b1c25204e7d397cee9536",
                "sha256:830c88747dce8a3e7525defa68afd742b4580df6aa2fdd6f0855481e3994d391",
                "sha256:86e92728ef3fc842c50a5cb1d5ba2bc66db7da08a7af53fb3da79e202d1b2cd3",
                "sha256:8caf4d16b31961e964c62194ea3e26a0e9561cdf72eecb1781458b67ec83423d",
                "sha256:8d1a92d8e90b286d491e5626af53afef2ba04da33e82e30744795c71880eaa21",
                "sha256:8f0a4d179c9a941eb80c3a63cdb495e539e064f8054230844dcf2fcb812b71d3",
                "sha256:9232b09f5efee6a495a99ae6824881940d6447debe272ea400c02e3b68aad85d",
                "sha256:927a9dd016d6033bc12e0bf5dee1dde140235fc8d0d51099353c76081c03dc29",
                "sha256:93e414e3206779ef41e5ff2448067213febf260ba747fc65389a3ddaa3fb8715",
                "sha256:98cafc618614d72b02185ac583c6f7796202062c41d2eeecdf07820bad3295ed",
                "sha256:9c3a88d20e4fe4a2a4a84bf439a5ac9c9aba400b85244c63a1ab7088f85d9d25",
                "sha256:9f36de4cd0c262dd9927886cc2305aa3f2210db437aa4fed3fb4940b8bf4592c",
                "sha256:a60f90bba4c37962cbf210f0188ecca87daafdf60271f4c6948606e4dabf8785",
                "sha256:a614e4afed58c14254e67862456d212c4dcceebab2eaa44d627c2ca04bf86837",
                "sha256:ae06c1e4bc60ee076292e582a7512f304abdf6c70db59b56745cca1684f875a4",
                "sha256:b122a188cd292c4d2fcd78d04f863b789ef43aa129b233d7c9004de08693728b",
                "sha256:b570da8cd0012f4af9fa76a5635cd31f707473e65a5a335b186069d5c7121ff2",
                "sha256:bcaa1c495ce623966d9fc8a187da80082334236a2a1c7e141763ffaf7a405067",
                "sha256:bd34f6d1810d9354dc7e35158aa6cc33456be7706df4420819af6ed966e85448",
                "sha256:be9eb06489bc975c38706902cbc6888f39e946b81383abc2838d186f0e8b6a9d",
                "sha256:c4b2e0559b68455c085fb0f6178e9752c4be3bba104d6e881eb5573b399d1eb2",
                "sha256:c62e8dd9754b7debda0c5ba59d34509c4688f853588d75b53c3791983faa96fc",
                "sha256:c852b1530083a620cb0de5f3cd6826f19862bafeaf77586f1aef326e49d95f0c",
                "sha256:d9fc0bf3ff86c17348dfc5d322f627d78273eba545db865c3cd14b3f19e57fa5",
                "sha256:dad7b164905d3e534883281c050180afcf1e230c3d4a54e8038aa5cfcf312b84",
                "sha256:e5f66bdf0976ec667fc4594d2812a00b07ed14d1b44259d19a41ae3fff99f2b8",
                "sha256:e8f0c9d65da595cfe91713bc1222af9ecabd37971762cb830dea2fc3b3bb2acf",
                "sha256:edffbe3c510d8f4bf8640e02ca019e48a9b72357318383ca60e3330c23aaffc7",
                "sha256:eea5d6443b093e1545ad0210e6cf27f920482bfcf5c77cdc8596aec73523bb7e",
                "sha256:ef72013e20dd5ba86a8ae1aed7f56f31d3374189aa8b433e7b12ad182c0d2dfb",
                "sha256:f05251bbc2145349b8d0b77c0d4e5f3b228418807b1ee27cefb11f69ed3d233b",
                "sha256:f1be258c4d3dc609e654a1dc59d37b17d7fef05df912c01fc2e15eb43a9735f3",
                "sha256:f9ced82717c7ec65a67667bb05865ffe38af0e835cdd78728f1209c8fffe0cad",
                "sha256:fe17d10b97fdf58155f858606bddb4e037b805a60ae023c009f760d8361a4eb8",
                "sha256:fe749b052bb7233fe5d072fcb549221a8cb1a16725c47c37e42b0b9cb3ff2c3f"
            ],
            "markers": "python_version >= '2.7' and python_version not in '3.0, 3.1, 3.2, 3.3, 3.4'",
            "version": "==4.9.1"
        },
        "requests": {
            "hashes": [
                "sha256:7c5599b102feddaa661c826c56ab4fee28bfd17f5abca1ebbe3e7f19d7c97983",
                "sha256:8fefa2a1a1365bf5520aac41836fbee479da67864514bdb821f31ce07ce65349"
            ],
            "markers": "python_version >= '3.7' and python_version < '4'",
            "version": "==2.28.1"
        },
        "sanitized-package": {
            "editable": true,
            "path": "."
        },
        "setuptools": {
            "hashes": [
                "sha256:512e5536220e38146176efb833d4a62aa726b7bbff82cfbc8ba9eaa3996e0b17",
                "sha256:f62ea9da9ed6289bfe868cd6845968a2c854d1427f8548d52cae02a42b4f0356"
            ],
            "markers": "python_version >= '3.7'",
            "version": "==65.5.0"
        },
        "six": {
            "hashes": [
                "sha256:1e61c37477a1626458e36f7b1d82aa5c9b094fa4802892072e49de9c60c4c926",
                "sha256:8abb2f1d86890a2dfb989f9a77cfcfd3e47c2a354b01111771326f8aa26e0254"
            ],
            "markers": "python_version >= '2.7' and python_version not in '3.0, 3.1, 3.2, 3.3'",
            "version": "==1.16.0"
        },
        "soupsieve": {
            "hashes": [
                "sha256:3b2503d3c7084a42b1ebd08116e5f81aadfaea95863628c80a3b774a11b7c759",
                "sha256:fc53893b3da2c33de295667a0e19f078c14bf86544af307354de5fcf12a3f30d"
            ],
            "markers": "python_full_version >= '3.6.0'",
            "version": "==2.3.2.post1"
        },
        "urllib3": {
            "hashes": [
                "sha256:3fa96cf423e6987997fc326ae8df396db2a8b7c667747d47ddd8ecba91f4a74e",
                "sha256:b930dd878d5a8afb066a637fbb35144fe7901e3b209d1cd4f524bd0e9deee997"
            ],
            "markers": "python_version >= '2.7' and python_version not in '3.0, 3.1, 3.2, 3.3, 3.4, 3.5' and python_version < '4'",
            "version": "==1.26.12"
        },
        "zipp": {
            "hashes": [
                "sha256:4fcb6f278987a6605757302a6e40e896257570d11c51628968ccb2a47e80c6c1",
                "sha256:7a7262fd930bd3e36c50b9a64897aec3fafff3dfdeec9623ae22b40e93f99bb8"
            ],
            "markers": "python_version >= '3.7'",
            "version": "==3.10.0"
        },
        "zope.event": {
            "hashes": [
                "sha256:2666401939cdaa5f4e0c08cf7f20c9b21423b95e88f4675b1443973bdb080c42",
                "sha256:5e76517f5b9b119acf37ca8819781db6c16ea433f7e2062c4afc2b6fbedb1330"
            ],
            "version": "==4.5.0"
        },
        "zope.interface": {
            "hashes": [
                "sha256:006f8dd81fae28027fc28ada214855166712bf4f0bfbc5a8788f9b70982b9437",
                "sha256:03f5ae315db0d0de668125d983e2a819a554f3fdb2d53b7e934e3eb3c3c7375d",
                "sha256:0eb2b3e84f48dd9cfc8621c80fba905d7e228615c67f76c7df7c716065669bb6",
                "sha256:1e3495bb0cdcea212154e558082c256f11b18031f05193ae2fb85d048848db14",
                "sha256:26c1456520fdcafecc5765bec4783eeafd2e893eabc636908f50ee31fe5c738c",
                "sha256:2cb3003941f5f4fa577479ac6d5db2b940acb600096dd9ea9bf07007f5cab46f",
                "sha256:37ec9ade9902f412cc7e7a32d71f79dec3035bad9bd0170226252eed88763c48",
                "sha256:3eedf3d04179774d750e8bb4463e6da350956a50ed44d7b86098e452d7ec385e",
                "sha256:3f68404edb1a4fb6aa8a94675521ca26c83ebbdbb90e894f749ae0dc4ca98418",
                "sha256:423c074e404f13e6fa07f4454f47fdbb38d358be22945bc812b94289d9142374",
                "sha256:43490ad65d4c64e45a30e51a2beb7a6b63e1ff395302ad22392224eb618476d6",
                "sha256:47ff078734a1030c48103422a99e71a7662d20258c00306546441adf689416f7",
                "sha256:58a66c2020a347973168a4a9d64317bac52f9fdfd3e6b80b252be30da881a64e",
                "sha256:58a975f89e4584d0223ab813c5ba4787064c68feef4b30d600f5e01de90ae9ce",
                "sha256:5c6023ae7defd052cf76986ce77922177b0c2f3913bea31b5b28fbdf6cb7099e",
                "sha256:6566b3d2657e7609cd8751bcb1eab1202b1692a7af223035a5887d64bb3a2f3b",
                "sha256:687cab7f9ae18d2c146f315d0ca81e5ffe89a139b88277afa70d52f632515854",
                "sha256:700ebf9662cf8df70e2f0cb4988e078c53f65ee3eefd5c9d80cf988c4175c8e3",
                "sha256:740f3c1b44380658777669bcc42f650f5348e53797f2cee0d93dc9b0f9d7cc69",
                "sha256:7bdcec93f152e0e1942102537eed7b166d6661ae57835b20a52a2a3d6a3e1bf3",
                "sha256:7d9ec1e6694af39b687045712a8ad14ddcb568670d5eb1b66b48b98b9312afba",
                "sha256:85dd6dd9aaae7a176948d8bb62e20e2968588fd787c29c5d0d964ab475168d3d",
                "sha256:8b9f153208d74ccfa25449a0c6cb756ab792ce0dc99d9d771d935f039b38740c",
                "sha256:8c791f4c203ccdbcda588ea4c8a6e4353e10435ea48ddd3d8734a26fe9714cba",
                "sha256:970661ece2029915b8f7f70892e88404340fbdefd64728380cad41c8dce14ff4",
                "sha256:9cdc4e898d3b1547d018829fd4a9f403e52e51bba24be0fbfa37f3174e1ef797",
                "sha256:9dc4493aa3d87591e3d2bf1453e25b98038c839ca8e499df3d7106631b66fe83",
                "sha256:a69c28d85bb7cf557751a5214cb3f657b2b035c8c96d71080c1253b75b79b69b",
                "sha256:aeac590cce44e68ee8ad0b8ecf4d7bf15801f102d564ca1b0eb1f12f584ee656",
                "sha256:be11fce0e6af6c0e8d93c10ef17b25aa7c4acb7ec644bff2596c0d639c49e20f",
                "sha256:cbbf83914b9a883ab324f728de869f4e406e0cbcd92df7e0a88decf6f9ab7d5a",
                "sha256:cfa614d049667bed1c737435c609c0956c5dc0dbafdc1145ee7935e4658582cb",
                "sha256:d18fb0f6c8169d26044128a2e7d3c39377a8a151c564e87b875d379dbafd3930",
                "sha256:d80f6236b57a95eb19d5e47eb68d0296119e1eff6deaa2971ab8abe3af918420",
                "sha256:da7912ae76e1df6a1fb841b619110b1be4c86dfb36699d7fd2f177105cdea885",
                "sha256:df6593e150d13cfcce69b0aec5df7bc248cb91e4258a7374c129bb6d56b4e5ca",
                "sha256:f70726b60009433111fe9928f5d89cbb18962411d33c45fb19eb81b9bbd26fcd"
            ],
            "markers": "python_version >= '2.7' and python_version not in '3.0, 3.1, 3.2, 3.3, 3.4'",
            "version": "==5.5.0"
        }
    },
    "develop": {
        "attrs": {
            "hashes": [
                "sha256:29adc2665447e5191d0e7c568fde78b21f9672d344281d0c6e1ab085429b22b6",
                "sha256:86efa402f67bf2df34f51a335487cf46b1ec130d02b8d39fd248abfd30da551c"
            ],
            "markers": "python_version >= '3.5'",
            "version": "==22.1.0"
        },
        "black": {
            "hashes": [
                "sha256:14ff67aec0a47c424bc99b71005202045dc09270da44a27848d534600ac64fc7",
                "sha256:197df8509263b0b8614e1df1756b1dd41be6738eed2ba9e9769f3880c2b9d7b6",
                "sha256:1e464456d24e23d11fced2bc8c47ef66d471f845c7b7a42f3bd77bf3d1789650",
                "sha256:2039230db3c6c639bd84efe3292ec7b06e9214a2992cd9beb293d639c6402edb",
                "sha256:21199526696b8f09c3997e2b4db8d0b108d801a348414264d2eb8eb2532e540d",
                "sha256:2644b5d63633702bc2c5f3754b1b475378fbbfb481f62319388235d0cd104c2d",
                "sha256:432247333090c8c5366e69627ccb363bc58514ae3e63f7fc75c54b1ea80fa7de",
                "sha256:444ebfb4e441254e87bad00c661fe32df9969b2bf224373a448d8aca2132b395",
                "sha256:5b9b29da4f564ba8787c119f37d174f2b69cdfdf9015b7d8c5c16121ddc054ae",
                "sha256:5cc42ca67989e9c3cf859e84c2bf014f6633db63d1cbdf8fdb666dcd9e77e3fa",
                "sha256:5d8f74030e67087b219b032aa33a919fae8806d49c867846bfacde57f43972ef",
                "sha256:72ef3925f30e12a184889aac03d77d031056860ccae8a1e519f6cbb742736383",
                "sha256:819dc789f4498ecc91438a7de64427c73b45035e2e3680c92e18795a839ebb66",
                "sha256:915ace4ff03fdfff953962fa672d44be269deb2eaf88499a0f8805221bc68c87",
                "sha256:9311e99228ae10023300ecac05be5a296f60d2fd10fff31cf5c1fa4ca4b1988d",
                "sha256:974308c58d057a651d182208a484ce80a26dac0caef2895836a92dd6ebd725e0",
                "sha256:b8b49776299fece66bffaafe357d929ca9451450f5466e997a7285ab0fe28e3b",
                "sha256:c957b2b4ea88587b46cf49d1dc17681c1e672864fd7af32fc1e9664d572b3458",
                "sha256:e41a86c6c650bcecc6633ee3180d80a025db041a8e2398dcc059b3afa8382cd4",
                "sha256:f513588da599943e0cde4e32cc9879e825d58720d6557062d1098c5ad80080e1",
                "sha256:fba8a281e570adafb79f7755ac8721b6cf1bbf691186a287e990c7929c7692ff"
            ],
            "index": "pypi",
            "version": "==22.10.0"
        },
        "click": {
            "hashes": [
                "sha256:7682dc8afb30297001674575ea00d1814d808d6a36af415a82bd481d37ba7b8e",
                "sha256:bb4d8133cb15a609f44e8213d9b391b0809795062913b383c62be0ee95b1db48"
            ],
            "markers": "python_version >= '3.7'",
            "version": "==8.1.3"
        },
        "exceptiongroup": {
            "hashes": [
                "sha256:2e3c3fc1538a094aab74fad52d6c33fc94de3dfee3ee01f187c0e0c72aec5337",
                "sha256:9086a4a21ef9b31c72181c77c040a074ba0889ee56a7b289ff0afb0d97655f96"
            ],
            "markers": "python_version < '3.11'",
            "version": "==1.0.0rc9"
        },
        "flake8": {
            "hashes": [
                "sha256:6fbe320aad8d6b95cec8b8e47bc933004678dc63095be98528b7bdd2a9f510db",
                "sha256:7a1cf6b73744f5806ab95e526f6f0d8c01c66d7bbe349562d22dfca20610b248"
            ],
            "index": "pypi",
            "version": "==5.0.4"
        },
        "iniconfig": {
            "hashes": [
                "sha256:011e24c64b7f47f6ebd835bb12a743f2fbe9a26d4cecaa7f53bc4f35ee9da8b3",
                "sha256:bc3af051d7d14b2ee5ef9969666def0cd1a000e121eaea580d4a313df4b37f32"
            ],
            "version": "==1.1.1"
        },
        "isort": {
            "hashes": [
                "sha256:6f62d78e2f89b4500b080fe3a81690850cd254227f27f75c3a0c491a1f351ba7",
                "sha256:e8443a5e7a020e9d7f97f1d7d9cd17c88bcb3bc7e218bf9cf5095fe550be2951"
            ],
            "index": "pypi",
            "version": "==5.10.1"
        },
        "mccabe": {
            "hashes": [
                "sha256:348e0240c33b60bbdf4e523192ef919f28cb2c3d7d5c7794f74009290f236325",
                "sha256:6c2d30ab6be0e4a46919781807b4f0d834ebdd6c6e3dca0bda5a15f863427b6e"
            ],
            "markers": "python_version >= '3.6'",
            "version": "==0.7.0"
        },
        "mypy-extensions": {
            "hashes": [
                "sha256:090fedd75945a69ae91ce1303b5824f428daf5a028d2f6ab8a299250a846f15d",
                "sha256:2d82818f5bb3e369420cb3c4060a7970edba416647068eb4c5343488a6c604a8"
            ],
            "version": "==0.4.3"
        },
        "packaging": {
            "hashes": [
                "sha256:dd47c42927d89ab911e606518907cc2d3a1f38bbd026385970643f9c5b8ecfeb",
                "sha256:ef103e05f519cdc783ae24ea4e2e0f508a9c99b2d4969652eed6a2e1ea5bd522"
            ],
            "markers": "python_version >= '3.6'",
            "version": "==21.3"
        },
        "pathspec": {
            "hashes": [
                "sha256:46846318467efc4556ccfd27816e004270a9eeeeb4d062ce5e6fc7a87c573f93",
                "sha256:7ace6161b621d31e7902eb6b5ae148d12cfd23f4a249b9ffb6b9fee12084323d"
            ],
            "markers": "python_version >= '3.7'",
            "version": "==0.10.1"
        },
        "platformdirs": {
            "hashes": [
                "sha256:027d8e83a2d7de06bbac4e5ef7e023c02b863d7ea5d079477e722bb41ab25788",
                "sha256:58c8abb07dcb441e6ee4b11d8df0ac856038f944ab98b7be6b27b2a3c7feef19"
            ],
            "markers": "python_version >= '3.7'",
            "version": "==2.5.2"
        },
        "pluggy": {
            "hashes": [
                "sha256:4224373bacce55f955a878bf9cfa763c1e360858e330072059e10bad68531159",
                "sha256:74134bbf457f031a36d68416e1509f34bd5ccc019f0bcc952c7b909d06b37bd3"
            ],
            "markers": "python_version >= '3.6'",
            "version": "==1.0.0"
        },
        "pycodestyle": {
            "hashes": [
                "sha256:2c9607871d58c76354b697b42f5d57e1ada7d261c261efac224b664affdc5785",
                "sha256:d1735fc58b418fd7c5f658d28d943854f8a849b01a5d0a1e6f3f3fdd0166804b"
            ],
            "markers": "python_version >= '3.6'",
            "version": "==2.9.1"
        },
        "pyflakes": {
            "hashes": [
                "sha256:4579f67d887f804e67edb544428f264b7b24f435b263c4614f384135cea553d2",
                "sha256:491feb020dca48ccc562a8c0cbe8df07ee13078df59813b83959cbdada312ea3"
            ],
            "markers": "python_version >= '3.6'",
            "version": "==2.5.0"
        },
        "pyparsing": {
            "hashes": [
                "sha256:2b020ecf7d21b687f219b71ecad3631f644a47f01403fa1d1036b0c6416d70fb",
                "sha256:5026bae9a10eeaefb61dab2f09052b9f4307d44aee4eda64b309723d8d206bbc"
            ],
            "markers": "python_full_version >= '3.6.8'",
            "version": "==3.0.9"
        },
        "pytest": {
            "hashes": [
                "sha256:892f933d339f068883b6fd5a459f03d85bfcb355e4981e146d2c7616c21fef71",
                "sha256:c4014eb40e10f11f355ad4e3c2fb2c6c6d1919c73f3b5a433de4708202cade59"
            ],
            "index": "pypi",
            "version": "==7.2.0"
        },
        "tomli": {
            "hashes": [
                "sha256:939de3e7a6161af0c887ef91b7d41a53e7c5a1ca976325f429cb46ea9bc30ecc",
                "sha256:de526c12914f0c550d15924c62d72abc48d6fe7364aa87328337a31007fe8a4f"
            ],
            "markers": "python_version < '3.11'",
            "version": "==2.0.1"
        },
        "typing-extensions": {
            "hashes": [
                "sha256:1511434bb92bf8dd198c12b1cc812e800d4181cfcb867674e0f8279cc93087aa",
                "sha256:16fa4864408f655d35ec496218b85f79b3437c829e93320c7c9215ccfd92489e"
            ],
            "markers": "python_version < '3.10'",
            "version": "==4.4.0"
        }
    }
}
